
Microsoft Visual Studio Solution File, Format Version 12.00
# Visual Studio Version 16
VisualStudioVersion = 16.0.29102.190
MinimumVisualStudioVersion = 10.0.40219.1
Project("{2150E333-8FDC-42A3-9474-1A3956D46DE8}") = "Study", "Study", "{8691C528-92F2-49C3-8778-84BFD9655E5E}"
EndProject
Project("{9A19103F-16F7-4668-BE54-9A1E7A4F7556}") = "Api", "Api\Api.csproj", "{DA990730-1FB7-4551-BCE3-B492CAF6EBF5}"
EndProject
Project("{2150E333-8FDC-42A3-9474-1A3956D46DE8}") = "Core", "Core", "{BE9A3C16-CED5-4CA4-B9DD-15817DB9E4C8}"
EndProject
Project("{9A19103F-16F7-4668-BE54-9A1E7A4F7556}") = "Abstractions", "Abstractions\Abstractions.csproj", "{D384864D-B83E-4DBE-A4BE-E41F6F5F26DD}"
EndProject
Project("{2150E333-8FDC-42A3-9474-1A3956D46DE8}") = "WebMVC", "WebMVC", "{5A80DC3D-D1A1-4FC1-BB60-D0D10C0F27E8}"
EndProject
Project("{FAE04EC0-301F-11D3-BF4B-00C04F79EFBC}") = "MVC", "MVC\MVC.csproj", "{180D390B-E591-46A8-B9AD-918D5B4D4E2B}"
EndProject
Project("{FAE04EC0-301F-11D3-BF4B-00C04F79EFBC}") = "MVC.Abstractions", "MVC.Abstractions\MVC.Abstractions.csproj", "{DEE2189C-38F3-4545-BA02-444B9BE66A7E}"
EndProject
Project("{FAE04EC0-301F-11D3-BF4B-00C04F79EFBC}") = "MVC.Services", "MVC.Services\MVC.Services.csproj", "{6F087CE1-A5F8-42CE-92A7-0EB2538399D8}"
EndProject
Project("{FAE04EC0-301F-11D3-BF4B-00C04F79EFBC}") = "MVC.Infrastructure", "MVC.Infrastructure\MVC.Infrastructure.csproj", "{4194854D-DF77-4FF1-9892-20E6FBC0A88A}"
EndProject
Project("{FAE04EC0-301F-11D3-BF4B-00C04F79EFBC}") = "MVC.Entities", "MVC.Entities\MVC.Entities.csproj", "{F52A1481-908D-4339-B175-AE31CF58A867}"
EndProject
Project("{FAE04EC0-301F-11D3-BF4B-00C04F79EFBC}") = "MVC.EntityFramwork", "MVC.EntityFramwork\MVC.EntityFramwork.csproj", "{A9FE7128-6B55-4694-AC1E-F6C88015E3ED}"
EndProject
Project("{FAE04EC0-301F-11D3-BF4B-00C04F79EFBC}") = "MVC.Common", "MVC.Common\MVC.Common.csproj", "{4F66AB00-8B24-44DE-A56B-9D45BD607CC1}"
EndProject
Global
	GlobalSection(SolutionConfigurationPlatforms) = preSolution
		Debug|Any CPU = Debug|Any CPU
		Release|Any CPU = Release|Any CPU
	EndGlobalSection
	GlobalSection(ProjectConfigurationPlatforms) = postSolution
		{DA990730-1FB7-4551-BCE3-B492CAF6EBF5}.Debug|Any CPU.ActiveCfg = Debug|Any CPU
		{DA990730-1FB7-4551-BCE3-B492CAF6EBF5}.Debug|Any CPU.Build.0 = Debug|Any CPU
		{DA990730-1FB7-4551-BCE3-B492CAF6EBF5}.Release|Any CPU.ActiveCfg = Release|Any CPU
		{DA990730-1FB7-4551-BCE3-B492CAF6EBF5}.Release|Any CPU.Build.0 = Release|Any CPU
		{D384864D-B83E-4DBE-A4BE-E41F6F5F26DD}.Debug|Any CPU.ActiveCfg = Debug|Any CPU
		{D384864D-B83E-4DBE-A4BE-E41F6F5F26DD}.Debug|Any CPU.Build.0 = Debug|Any CPU
		{D384864D-B83E-4DBE-A4BE-E41F6F5F26DD}.Release|Any CPU.ActiveCfg = Release|Any CPU
		{D384864D-B83E-4DBE-A4BE-E41F6F5F26DD}.Release|Any CPU.Build.0 = Release|Any CPU
		{180D390B-E591-46A8-B9AD-918D5B4D4E2B}.Debug|Any CPU.ActiveCfg = Debug|Any CPU
		{180D390B-E591-46A8-B9AD-918D5B4D4E2B}.Debug|Any CPU.Build.0 = Debug|Any CPU
		{180D390B-E591-46A8-B9AD-918D5B4D4E2B}.Release|Any CPU.ActiveCfg = Release|Any CPU
		{180D390B-E591-46A8-B9AD-918D5B4D4E2B}.Release|Any CPU.Build.0 = Release|Any CPU
		{DEE2189C-38F3-4545-BA02-444B9BE66A7E}.Debug|Any CPU.ActiveCfg = Debug|Any CPU
		{DEE2189C-38F3-4545-BA02-444B9BE66A7E}.Debug|Any CPU.Build.0 = Debug|Any CPU
		{DEE2189C-38F3-4545-BA02-444B9BE66A7E}.Release|Any CPU.ActiveCfg = Release|Any CPU
		{DEE2189C-38F3-4545-BA02-444B9BE66A7E}.Release|Any CPU.Build.0 = Release|Any CPU
		{6F087CE1-A5F8-42CE-92A7-0EB2538399D8}.Debug|Any CPU.ActiveCfg = Debug|Any CPU
		{6F087CE1-A5F8-42CE-92A7-0EB2538399D8}.Debug|Any CPU.Build.0 = Debug|Any CPU
		{6F087CE1-A5F8-42CE-92A7-0EB2538399D8}.Release|Any CPU.ActiveCfg = Release|Any CPU
		{6F087CE1-A5F8-42CE-92A7-0EB2538399D8}.Release|Any CPU.Build.0 = Release|Any CPU
		{4194854D-DF77-4FF1-9892-20E6FBC0A88A}.Debug|Any CPU.ActiveCfg = Debug|Any CPU
		{4194854D-DF77-4FF1-9892-20E6FBC0A88A}.Debug|Any CPU.Build.0 = Debug|Any CPU
		{4194854D-DF77-4FF1-9892-20E6FBC0A88A}.Release|Any CPU.ActiveCfg = Release|Any CPU
		{4194854D-DF77-4FF1-9892-20E6FBC0A88A}.Release|Any CPU.Build.0 = Release|Any CPU
		{F52A1481-908D-4339-B175-AE31CF58A867}.Debug|Any CPU.ActiveCfg = Debug|Any CPU
		{F52A1481-908D-4339-B175-AE31CF58A867}.Debug|Any CPU.Build.0 = Debug|Any CPU
		{F52A1481-908D-4339-B175-AE31CF58A867}.Release|Any CPU.ActiveCfg = Release|Any CPU
		{F52A1481-908D-4339-B175-AE31CF58A867}.Release|Any CPU.Build.0 = Release|Any CPU
		{A9FE7128-6B55-4694-AC1E-F6C88015E3ED}.Debug|Any CPU.ActiveCfg = Debug|Any CPU
		{A9FE7128-6B55-4694-AC1E-F6C88015E3ED}.Debug|Any CPU.Build.0 = Debug|Any CPU
		{A9FE7128-6B55-4694-AC1E-F6C88015E3ED}.Release|Any CPU.ActiveCfg = Release|Any CPU
		{A9FE7128-6B55-4694-AC1E-F6C88015E3ED}.Release|Any CPU.Build.0 = Release|Any CPU
		{4F66AB00-8B24-44DE-A56B-9D45BD607CC1}.Debug|Any CPU.ActiveCfg = Debug|Any CPU
		{4F66AB00-8B24-44DE-A56B-9D45BD607CC1}.Debug|Any CPU.Build.0 = Debug|Any CPU
		{4F66AB00-8B24-44DE-A56B-9D45BD607CC1}.Release|Any CPU.ActiveCfg = Release|Any CPU
		{4F66AB00-8B24-44DE-A56B-9D45BD607CC1}.Release|Any CPU.Build.0 = Release|Any CPU
	EndGlobalSection
	GlobalSection(SolutionProperties) = preSolution
		HideSolutionNode = FALSE
	EndGlobalSection
	GlobalSection(NestedProjects) = preSolution
		{DA990730-1FB7-4551-BCE3-B492CAF6EBF5} = {8691C528-92F2-49C3-8778-84BFD9655E5E}
		{D384864D-B83E-4DBE-A4BE-E41F6F5F26DD} = {BE9A3C16-CED5-4CA4-B9DD-15817DB9E4C8}
		{180D390B-E591-46A8-B9AD-918D5B4D4E2B} = {5A80DC3D-D1A1-4FC1-BB60-D0D10C0F27E8}
		{DEE2189C-38F3-4545-BA02-444B9BE66A7E} = {5A80DC3D-D1A1-4FC1-BB60-D0D10C0F27E8}
		{6F087CE1-A5F8-42CE-92A7-0EB2538399D8} = {5A80DC3D-D1A1-4FC1-BB60-D0D10C0F27E8}
		{4194854D-DF77-4FF1-9892-20E6FBC0A88A} = {5A80DC3D-D1A1-4FC1-BB60-D0D10C0F27E8}
		{F52A1481-908D-4339-B175-AE31CF58A867} = {5A80DC3D-D1A1-4FC1-BB60-D0D10C0F27E8}
		{A9FE7128-6B55-4694-AC1E-F6C88015E3ED} = {5A80DC3D-D1A1-4FC1-BB60-D0D10C0F27E8}
		{4F66AB00-8B24-44DE-A56B-9D45BD607CC1} = {5A80DC3D-D1A1-4FC1-BB60-D0D10C0F27E8}
	EndGlobalSection
	GlobalSection(ExtensibilityGlobals) = postSolution
		SolutionGuid = {7F40BCAC-F0BD-4F18-9A11-B942485415A1}
	EndGlobalSection
EndGlobal
