
Microsoft Visual Studio Solution File, Format Version 12.00
# Visual Studio Version 16
VisualStudioVersion = 16.0.29102.190
MinimumVisualStudioVersion = 10.0.40219.1
Project("{2150E333-8FDC-42A3-9474-1A3956D46DE8}") = "WebMVC", "WebMVC", "{5A80DC3D-D1A1-4FC1-BB60-D0D10C0F27E8}"
EndProject
Project("{FAE04EC0-301F-11D3-BF4B-00C04F79EFBC}") = "MVC", "MVC\MVC.csproj", "{180D390B-E591-46A8-B9AD-918D5B4D4E2B}"
EndProject
Project("{FAE04EC0-301F-11D3-BF4B-00C04F79EFBC}") = "MVC.Abstractions", "MVC.Abstractions\MVC.Abstractions.csproj", "{DEE2189C-38F3-4545-BA02-444B9BE66A7E}"
EndProject
Project("{FAE04EC0-301F-11D3-BF4B-00C04F79EFBC}") = "MVC.Services", "MVC.Services\MVC.Services.csproj", "{6F087CE1-A5F8-42CE-92A7-0EB2538399D8}"
EndProject
Project("{FAE04EC0-301F-11D3-BF4B-00C04F79EFBC}") = "MVC.Infrastructure", "MVC.Infrastructure\MVC.Infrastructure.csproj", "{4194854D-DF77-4FF1-9892-20E6FBC0A88A}"
EndProject
Project("{FAE04EC0-301F-11D3-BF4B-00C04F79EFBC}") = "MVC.Entities", "MVC.Entities\MVC.Entities.csproj", "{F52A1481-908D-4339-B175-AE31CF58A867}"
EndProject
Project("{FAE04EC0-301F-11D3-BF4B-00C04F79EFBC}") = "MVC.EntityFramwork", "MVC.EntityFramwork\MVC.EntityFramwork.csproj", "{A9FE7128-6B55-4694-AC1E-F6C88015E3ED}"
EndProject
Project("{FAE04EC0-301F-11D3-BF4B-00C04F79EFBC}") = "MVC.Common", "MVC.Common\MVC.Common.csproj", "{4F66AB00-8B24-44DE-A56B-9D45BD607CC1}"
EndProject
Project("{2150E333-8FDC-42A3-9474-1A3956D46DE8}") = "WebAPI", "WebAPI", "{B5807792-E151-478F-BCDA-554E95352A99}"
EndProject
Project("{2150E333-8FDC-42A3-9474-1A3956D46DE8}") = "1-API", "1-API", "{D9630ACE-1754-455C-8858-9472B409CD0E}"
EndProject
Project("{FAE04EC0-301F-11D3-BF4B-00C04F79EFBC}") = "MVC.WebAPI", "MVC.WebAPI\MVC.WebAPI.csproj", "{DD838B6A-0FC2-4B14-B750-806E36D7E77D}"
EndProject
Project("{2150E333-8FDC-42A3-9474-1A3956D46DE8}") = "2-Service", "2-Service", "{7185CDA1-0B72-431C-9DAD-DB88182717D2}"
EndProject
Project("{FAE04EC0-301F-11D3-BF4B-00C04F79EFBC}") = "Services", "Services\Services.csproj", "{F83BF58B-405E-482E-829C-1D4081264E90}"
EndProject
Project("{2150E333-8FDC-42A3-9474-1A3956D46DE8}") = "3-Model", "3-Model", "{D86198ED-93D7-4A50-B256-A238246F9025}"
EndProject
Project("{FAE04EC0-301F-11D3-BF4B-00C04F79EFBC}") = "Data", "Data\Data.csproj", "{66C5DF9C-8B6C-47D9-9701-C126CD6BA2BB}"
EndProject
Project("{2150E333-8FDC-42A3-9474-1A3956D46DE8}") = "4-Utilities", "4-Utilities", "{A8C7A30A-928F-431C-A6EB-26C8C9DEC84E}"
EndProject
Project("{FAE04EC0-301F-11D3-BF4B-00C04F79EFBC}") = "Utilities", "Utilities\Utilities.csproj", "{914A393C-EC64-4B1E-80FF-17660F0C02D3}"
EndProject
Global
	GlobalSection(SolutionConfigurationPlatforms) = preSolution
		Debug|Any CPU = Debug|Any CPU
		Release|Any CPU = Release|Any CPU
	EndGlobalSection
	GlobalSection(ProjectConfigurationPlatforms) = postSolution
		{180D390B-E591-46A8-B9AD-918D5B4D4E2B}.Debug|Any CPU.ActiveCfg = Debug|Any CPU
		{180D390B-E591-46A8-B9AD-918D5B4D4E2B}.Debug|Any CPU.Build.0 = Debug|Any CPU
		{180D390B-E591-46A8-B9AD-918D5B4D4E2B}.Release|Any CPU.ActiveCfg = Release|Any CPU
		{180D390B-E591-46A8-B9AD-918D5B4D4E2B}.Release|Any CPU.Build.0 = Release|Any CPU
		{DEE2189C-38F3-4545-BA02-444B9BE66A7E}.Debug|Any CPU.ActiveCfg = Debug|Any CPU
		{DEE2189C-38F3-4545-BA02-444B9BE66A7E}.Debug|Any CPU.Build.0 = Debug|Any CPU
		{DEE2189C-38F3-4545-BA02-444B9BE66A7E}.Release|Any CPU.ActiveCfg = Release|Any CPU
		{DEE2189C-38F3-4545-BA02-444B9BE66A7E}.Release|Any CPU.Build.0 = Release|Any CPU
		{6F087CE1-A5F8-42CE-92A7-0EB2538399D8}.Debug|Any CPU.ActiveCfg = Debug|Any CPU
		{6F087CE1-A5F8-42CE-92A7-0EB2538399D8}.Debug|Any CPU.Build.0 = Debug|Any CPU
		{6F087CE1-A5F8-42CE-92A7-0EB2538399D8}.Release|Any CPU.ActiveCfg = Release|Any CPU
		{6F087CE1-A5F8-42CE-92A7-0EB2538399D8}.Release|Any CPU.Build.0 = Release|Any CPU
		{4194854D-DF77-4FF1-9892-20E6FBC0A88A}.Debug|Any CPU.ActiveCfg = Debug|Any CPU
		{4194854D-DF77-4FF1-9892-20E6FBC0A88A}.Debug|Any CPU.Build.0 = Debug|Any CPU
		{4194854D-DF77-4FF1-9892-20E6FBC0A88A}.Release|Any CPU.ActiveCfg = Release|Any CPU
		{4194854D-DF77-4FF1-9892-20E6FBC0A88A}.Release|Any CPU.Build.0 = Release|Any CPU
		{F52A1481-908D-4339-B175-AE31CF58A867}.Debug|Any CPU.ActiveCfg = Debug|Any CPU
		{F52A1481-908D-4339-B175-AE31CF58A867}.Debug|Any CPU.Build.0 = Debug|Any CPU
		{F52A1481-908D-4339-B175-AE31CF58A867}.Release|Any CPU.ActiveCfg = Release|Any CPU
		{F52A1481-908D-4339-B175-AE31CF58A867}.Release|Any CPU.Build.0 = Release|Any CPU
		{A9FE7128-6B55-4694-AC1E-F6C88015E3ED}.Debug|Any CPU.ActiveCfg = Debug|Any CPU
		{A9FE7128-6B55-4694-AC1E-F6C88015E3ED}.Debug|Any CPU.Build.0 = Debug|Any CPU
		{A9FE7128-6B55-4694-AC1E-F6C88015E3ED}.Release|Any CPU.ActiveCfg = Release|Any CPU
		{A9FE7128-6B55-4694-AC1E-F6C88015E3ED}.Release|Any CPU.Build.0 = Release|Any CPU
		{4F66AB00-8B24-44DE-A56B-9D45BD607CC1}.Debug|Any CPU.ActiveCfg = Debug|Any CPU
		{4F66AB00-8B24-44DE-A56B-9D45BD607CC1}.Debug|Any CPU.Build.0 = Debug|Any CPU
		{4F66AB00-8B24-44DE-A56B-9D45BD607CC1}.Release|Any CPU.ActiveCfg = Release|Any CPU
		{4F66AB00-8B24-44DE-A56B-9D45BD607CC1}.Release|Any CPU.Build.0 = Release|Any CPU
		{DD838B6A-0FC2-4B14-B750-806E36D7E77D}.Debug|Any CPU.ActiveCfg = Debug|Any CPU
		{DD838B6A-0FC2-4B14-B750-806E36D7E77D}.Debug|Any CPU.Build.0 = Debug|Any CPU
		{DD838B6A-0FC2-4B14-B750-806E36D7E77D}.Release|Any CPU.ActiveCfg = Release|Any CPU
		{DD838B6A-0FC2-4B14-B750-806E36D7E77D}.Release|Any CPU.Build.0 = Release|Any CPU
		{F83BF58B-405E-482E-829C-1D4081264E90}.Debug|Any CPU.ActiveCfg = Debug|Any CPU
		{F83BF58B-405E-482E-829C-1D4081264E90}.Debug|Any CPU.Build.0 = Debug|Any CPU
		{F83BF58B-405E-482E-829C-1D4081264E90}.Release|Any CPU.ActiveCfg = Release|Any CPU
		{F83BF58B-405E-482E-829C-1D4081264E90}.Release|Any CPU.Build.0 = Release|Any CPU
		{66C5DF9C-8B6C-47D9-9701-C126CD6BA2BB}.Debug|Any CPU.ActiveCfg = Debug|Any CPU
		{66C5DF9C-8B6C-47D9-9701-C126CD6BA2BB}.Debug|Any CPU.Build.0 = Debug|Any CPU
		{66C5DF9C-8B6C-47D9-9701-C126CD6BA2BB}.Release|Any CPU.ActiveCfg = Release|Any CPU
		{66C5DF9C-8B6C-47D9-9701-C126CD6BA2BB}.Release|Any CPU.Build.0 = Release|Any CPU
		{914A393C-EC64-4B1E-80FF-17660F0C02D3}.Debug|Any CPU.ActiveCfg = Debug|Any CPU
		{914A393C-EC64-4B1E-80FF-17660F0C02D3}.Debug|Any CPU.Build.0 = Debug|Any CPU
		{914A393C-EC64-4B1E-80FF-17660F0C02D3}.Release|Any CPU.ActiveCfg = Release|Any CPU
		{914A393C-EC64-4B1E-80FF-17660F0C02D3}.Release|Any CPU.Build.0 = Release|Any CPU
	EndGlobalSection
	GlobalSection(SolutionProperties) = preSolution
		HideSolutionNode = FALSE
	EndGlobalSection
	GlobalSection(NestedProjects) = preSolution
		{180D390B-E591-46A8-B9AD-918D5B4D4E2B} = {5A80DC3D-D1A1-4FC1-BB60-D0D10C0F27E8}
		{DEE2189C-38F3-4545-BA02-444B9BE66A7E} = {5A80DC3D-D1A1-4FC1-BB60-D0D10C0F27E8}
		{6F087CE1-A5F8-42CE-92A7-0EB2538399D8} = {5A80DC3D-D1A1-4FC1-BB60-D0D10C0F27E8}
		{4194854D-DF77-4FF1-9892-20E6FBC0A88A} = {5A80DC3D-D1A1-4FC1-BB60-D0D10C0F27E8}
		{F52A1481-908D-4339-B175-AE31CF58A867} = {5A80DC3D-D1A1-4FC1-BB60-D0D10C0F27E8}
		{A9FE7128-6B55-4694-AC1E-F6C88015E3ED} = {5A80DC3D-D1A1-4FC1-BB60-D0D10C0F27E8}
		{4F66AB00-8B24-44DE-A56B-9D45BD607CC1} = {5A80DC3D-D1A1-4FC1-BB60-D0D10C0F27E8}
		{D9630ACE-1754-455C-8858-9472B409CD0E} = {B5807792-E151-478F-BCDA-554E95352A99}
		{DD838B6A-0FC2-4B14-B750-806E36D7E77D} = {D9630ACE-1754-455C-8858-9472B409CD0E}
		{7185CDA1-0B72-431C-9DAD-DB88182717D2} = {B5807792-E151-478F-BCDA-554E95352A99}
		{F83BF58B-405E-482E-829C-1D4081264E90} = {7185CDA1-0B72-431C-9DAD-DB88182717D2}
		{D86198ED-93D7-4A50-B256-A238246F9025} = {B5807792-E151-478F-BCDA-554E95352A99}
		{66C5DF9C-8B6C-47D9-9701-C126CD6BA2BB} = {D86198ED-93D7-4A50-B256-A238246F9025}
		{A8C7A30A-928F-431C-A6EB-26C8C9DEC84E} = {B5807792-E151-478F-BCDA-554E95352A99}
		{914A393C-EC64-4B1E-80FF-17660F0C02D3} = {A8C7A30A-928F-431C-A6EB-26C8C9DEC84E}
	EndGlobalSection
	GlobalSection(ExtensibilityGlobals) = postSolution
		SolutionGuid = {7F40BCAC-F0BD-4F18-9A11-B942485415A1}
	EndGlobalSection
EndGlobal
